
Microsoft Visual Studio Solution File, Format Version 12.00
# Visual Studio Version 16
VisualStudioVersion = 16.0.31321.278
MinimumVisualStudioVersion = 10.0.40219.1
Project("{9A19103F-16F7-4668-BE54-9A1E7A4F7556}") = "ExerciciosEntradaDados", "ExerciciosEntradaDados\ExerciciosEntradaDados.csproj", "{B61D42D3-DAFB-4DA8-A4DE-4BC2C49234BF}"
EndProject
Project("{9A19103F-16F7-4668-BE54-9A1E7A4F7556}") = "Exercicio2", "Exercicio2\Exercicio2.csproj", "{889FA042-6D2A-417E-B35B-AA44B9EC3A7C}"
EndProject
Project("{9A19103F-16F7-4668-BE54-9A1E7A4F7556}") = "Exercicio3Comissao", "Exercicio3Comissao\Exercicio3Comissao.csproj", "{4E404540-B833-4830-B927-94C6FA6583DA}"
EndProject
Project("{9A19103F-16F7-4668-BE54-9A1E7A4F7556}") = "Exercicio4PropriedadeDistributiva", "Exercicio4PropriedadeDistributiva\Exercicio4PropriedadeDistributiva.csproj", "{1BCA6855-447D-4EE4-8618-00A6A7C951AF}"
EndProject
Project("{9A19103F-16F7-4668-BE54-9A1E7A4F7556}") = "Exercicio5ConsumoCombustivel", "Exercicio5ConsumoCombustivel\Exercicio5ConsumoCombustivel.csproj", "{9A5DB4A8-A35D-40C0-9A52-9998609BDFD2}"
EndProject
Project("{9A19103F-16F7-4668-BE54-9A1E7A4F7556}") = "Exercicio6ConversaoTemperatura", "Exercicio6ConversaoTemperatura\Exercicio6ConversaoTemperatura.csproj", "{0457B6AF-557E-4E65-B542-7EC79557A9EB}"
EndProject
Project("{9A19103F-16F7-4668-BE54-9A1E7A4F7556}") = "Exercicio7ConversaoTemperatura", "Exercicio7ConversaoTemperatura\Exercicio7ConversaoTemperatura.csproj", "{7EE8789E-17F3-49C0-BA29-CDDC8B124B8D}"
EndProject
Project("{9A19103F-16F7-4668-BE54-9A1E7A4F7556}") = "Exercicio8VolumeCilindro", "Exercicio8VolumeCilindro\Exercicio8VolumeCilindro.csproj", "{E288244E-37B4-4529-8452-681C440C3F71}"
EndProject
Project("{9A19103F-16F7-4668-BE54-9A1E7A4F7556}") = "Exercicio9ConversorIdade", "Exercicio9ConversorIdade\Exercicio9ConversorIdade.csproj", "{E6BBDC56-58EF-43A0-9648-74323B47A63F}"
EndProject
Project("{FAE04EC0-301F-11D3-BF4B-00C04F79EFBC}") = "Lista2Exercicio1TrocarValores", "Lista2Exercicio1TrocarValores\Lista2Exercicio1TrocarValores.csproj", "{FF5C1EA2-3C55-4A85-8520-E57C22D251F7}"
EndProject
Project("{FAE04EC0-301F-11D3-BF4B-00C04F79EFBC}") = "Lista2Exercicio2Modulo", "Lista2Exercicio2Modulo\Lista2Exercicio2Modulo.csproj", "{9913B897-844A-4C2B-A8DA-7DB15ABC7E40}"
EndProject
Project("{FAE04EC0-301F-11D3-BF4B-00C04F79EFBC}") = "Lista2Exercicio3NumerosDescrescente", "Lista2Exercicio3NumerosDescrescente\Lista2Exercicio3NumerosDescrescente.csproj", "{C2AF8192-34DF-47B2-A29A-BF8804ED2ADB}"
EndProject
Project("{FAE04EC0-301F-11D3-BF4B-00C04F79EFBC}") = "Lista2Exercicio4DiferenteMaiorMenor", "Lista2Exercicio4DiferenteMaiorMenor\Lista2Exercicio4DiferenteMaiorMenor.csproj", "{A70C5781-F4AD-4335-B20F-025FEB97932B}"
EndProject
Project("{FAE04EC0-301F-11D3-BF4B-00C04F79EFBC}") = "Lista2Exercicio5MediaAluno", "Lista2Exercicio5MediaAluno\Lista2Exercicio5MediaAluno.csproj", "{C8F40073-E5A4-4379-8B78-B078DC81EBC0}"
EndProject
Project("{FAE04EC0-301F-11D3-BF4B-00C04F79EFBC}") = "Lista2Exercicio6Ternario", "Lista2Exercicio6Ternario\Lista2Exercicio6Ternario.csproj", "{2813133E-32AD-4746-9C81-D81D245C9C9C}"
EndProject
Project("{FAE04EC0-301F-11D3-BF4B-00C04F79EFBC}") = "Lista2Exercicio7IntervaloNumeros", "Lista2Exercicio7IntervaloNumeros\Lista2Exercicio7IntervaloNumeros.csproj", "{6DAE337B-67EC-4A51-B866-CCB05835CCB0}"
EndProject
Project("{FAE04EC0-301F-11D3-BF4B-00C04F79EFBC}") = "Lista2Exercicio8Switch", "Lista2Exercicio8Switch\Lista2Exercicio8Switch.csproj", "{FFCCF247-4556-42B8-B331-C8B20E657E21}"
EndProject
Global
	GlobalSection(SolutionConfigurationPlatforms) = preSolution
		Debug|Any CPU = Debug|Any CPU
		Release|Any CPU = Release|Any CPU
	EndGlobalSection
	GlobalSection(ProjectConfigurationPlatforms) = postSolution
		{B61D42D3-DAFB-4DA8-A4DE-4BC2C49234BF}.Debug|Any CPU.ActiveCfg = Debug|Any CPU
		{B61D42D3-DAFB-4DA8-A4DE-4BC2C49234BF}.Debug|Any CPU.Build.0 = Debug|Any CPU
		{B61D42D3-DAFB-4DA8-A4DE-4BC2C49234BF}.Release|Any CPU.ActiveCfg = Release|Any CPU
		{B61D42D3-DAFB-4DA8-A4DE-4BC2C49234BF}.Release|Any CPU.Build.0 = Release|Any CPU
		{889FA042-6D2A-417E-B35B-AA44B9EC3A7C}.Debug|Any CPU.ActiveCfg = Debug|Any CPU
		{889FA042-6D2A-417E-B35B-AA44B9EC3A7C}.Debug|Any CPU.Build.0 = Debug|Any CPU
		{889FA042-6D2A-417E-B35B-AA44B9EC3A7C}.Release|Any CPU.ActiveCfg = Release|Any CPU
		{889FA042-6D2A-417E-B35B-AA44B9EC3A7C}.Release|Any CPU.Build.0 = Release|Any CPU
		{4E404540-B833-4830-B927-94C6FA6583DA}.Debug|Any CPU.ActiveCfg = Debug|Any CPU
		{4E404540-B833-4830-B927-94C6FA6583DA}.Debug|Any CPU.Build.0 = Debug|Any CPU
		{4E404540-B833-4830-B927-94C6FA6583DA}.Release|Any CPU.ActiveCfg = Release|Any CPU
		{4E404540-B833-4830-B927-94C6FA6583DA}.Release|Any CPU.Build.0 = Release|Any CPU
		{1BCA6855-447D-4EE4-8618-00A6A7C951AF}.Debug|Any CPU.ActiveCfg = Debug|Any CPU
		{1BCA6855-447D-4EE4-8618-00A6A7C951AF}.Debug|Any CPU.Build.0 = Debug|Any CPU
		{1BCA6855-447D-4EE4-8618-00A6A7C951AF}.Release|Any CPU.ActiveCfg = Release|Any CPU
		{1BCA6855-447D-4EE4-8618-00A6A7C951AF}.Release|Any CPU.Build.0 = Release|Any CPU
		{9A5DB4A8-A35D-40C0-9A52-9998609BDFD2}.Debug|Any CPU.ActiveCfg = Debug|Any CPU
		{9A5DB4A8-A35D-40C0-9A52-9998609BDFD2}.Debug|Any CPU.Build.0 = Debug|Any CPU
		{9A5DB4A8-A35D-40C0-9A52-9998609BDFD2}.Release|Any CPU.ActiveCfg = Release|Any CPU
		{9A5DB4A8-A35D-40C0-9A52-9998609BDFD2}.Release|Any CPU.Build.0 = Release|Any CPU
		{0457B6AF-557E-4E65-B542-7EC79557A9EB}.Debug|Any CPU.ActiveCfg = Debug|Any CPU
		{0457B6AF-557E-4E65-B542-7EC79557A9EB}.Debug|Any CPU.Build.0 = Debug|Any CPU
		{0457B6AF-557E-4E65-B542-7EC79557A9EB}.Release|Any CPU.ActiveCfg = Release|Any CPU
		{0457B6AF-557E-4E65-B542-7EC79557A9EB}.Release|Any CPU.Build.0 = Release|Any CPU
		{7EE8789E-17F3-49C0-BA29-CDDC8B124B8D}.Debug|Any CPU.ActiveCfg = Debug|Any CPU
		{7EE8789E-17F3-49C0-BA29-CDDC8B124B8D}.Debug|Any CPU.Build.0 = Debug|Any CPU
		{7EE8789E-17F3-49C0-BA29-CDDC8B124B8D}.Release|Any CPU.ActiveCfg = Release|Any CPU
		{7EE8789E-17F3-49C0-BA29-CDDC8B124B8D}.Release|Any CPU.Build.0 = Release|Any CPU
		{E288244E-37B4-4529-8452-681C440C3F71}.Debug|Any CPU.ActiveCfg = Debug|Any CPU
		{E288244E-37B4-4529-8452-681C440C3F71}.Debug|Any CPU.Build.0 = Debug|Any CPU
		{E288244E-37B4-4529-8452-681C440C3F71}.Release|Any CPU.ActiveCfg = Release|Any CPU
		{E288244E-37B4-4529-8452-681C440C3F71}.Release|Any CPU.Build.0 = Release|Any CPU
		{E6BBDC56-58EF-43A0-9648-74323B47A63F}.Debug|Any CPU.ActiveCfg = Debug|Any CPU
		{E6BBDC56-58EF-43A0-9648-74323B47A63F}.Debug|Any CPU.Build.0 = Debug|Any CPU
		{E6BBDC56-58EF-43A0-9648-74323B47A63F}.Release|Any CPU.ActiveCfg = Release|Any CPU
		{E6BBDC56-58EF-43A0-9648-74323B47A63F}.Release|Any CPU.Build.0 = Release|Any CPU
		{FF5C1EA2-3C55-4A85-8520-E57C22D251F7}.Debug|Any CPU.ActiveCfg = Debug|Any CPU
		{FF5C1EA2-3C55-4A85-8520-E57C22D251F7}.Debug|Any CPU.Build.0 = Debug|Any CPU
		{FF5C1EA2-3C55-4A85-8520-E57C22D251F7}.Release|Any CPU.ActiveCfg = Release|Any CPU
		{FF5C1EA2-3C55-4A85-8520-E57C22D251F7}.Release|Any CPU.Build.0 = Release|Any CPU
		{9913B897-844A-4C2B-A8DA-7DB15ABC7E40}.Debug|Any CPU.ActiveCfg = Debug|Any CPU
		{9913B897-844A-4C2B-A8DA-7DB15ABC7E40}.Debug|Any CPU.Build.0 = Debug|Any CPU
		{9913B897-844A-4C2B-A8DA-7DB15ABC7E40}.Release|Any CPU.ActiveCfg = Release|Any CPU
		{9913B897-844A-4C2B-A8DA-7DB15ABC7E40}.Release|Any CPU.Build.0 = Release|Any CPU
		{C2AF8192-34DF-47B2-A29A-BF8804ED2ADB}.Debug|Any CPU.ActiveCfg = Debug|Any CPU
		{C2AF8192-34DF-47B2-A29A-BF8804ED2ADB}.Debug|Any CPU.Build.0 = Debug|Any CPU
		{C2AF8192-34DF-47B2-A29A-BF8804ED2ADB}.Release|Any CPU.ActiveCfg = Release|Any CPU
		{C2AF8192-34DF-47B2-A29A-BF8804ED2ADB}.Release|Any CPU.Build.0 = Release|Any CPU
		{A70C5781-F4AD-4335-B20F-025FEB97932B}.Debug|Any CPU.ActiveCfg = Debug|Any CPU
		{A70C5781-F4AD-4335-B20F-025FEB97932B}.Debug|Any CPU.Build.0 = Debug|Any CPU
		{A70C5781-F4AD-4335-B20F-025FEB97932B}.Release|Any CPU.ActiveCfg = Release|Any CPU
		{A70C5781-F4AD-4335-B20F-025FEB97932B}.Release|Any CPU.Build.0 = Release|Any CPU
		{C8F40073-E5A4-4379-8B78-B078DC81EBC0}.Debug|Any CPU.ActiveCfg = Debug|Any CPU
		{C8F40073-E5A4-4379-8B78-B078DC81EBC0}.Debug|Any CPU.Build.0 = Debug|Any CPU
		{C8F40073-E5A4-4379-8B78-B078DC81EBC0}.Release|Any CPU.ActiveCfg = Release|Any CPU
		{C8F40073-E5A4-4379-8B78-B078DC81EBC0}.Release|Any CPU.Build.0 = Release|Any CPU
		{2813133E-32AD-4746-9C81-D81D245C9C9C}.Debug|Any CPU.ActiveCfg = Debug|Any CPU
		{2813133E-32AD-4746-9C81-D81D245C9C9C}.Debug|Any CPU.Build.0 = Debug|Any CPU
		{2813133E-32AD-4746-9C81-D81D245C9C9C}.Release|Any CPU.ActiveCfg = Release|Any CPU
		{2813133E-32AD-4746-9C81-D81D245C9C9C}.Release|Any CPU.Build.0 = Release|Any CPU
		{6DAE337B-67EC-4A51-B866-CCB05835CCB0}.Debug|Any CPU.ActiveCfg = Debug|Any CPU
		{6DAE337B-67EC-4A51-B866-CCB05835CCB0}.Debug|Any CPU.Build.0 = Debug|Any CPU
		{6DAE337B-67EC-4A51-B866-CCB05835CCB0}.Release|Any CPU.ActiveCfg = Release|Any CPU
		{6DAE337B-67EC-4A51-B866-CCB05835CCB0}.Release|Any CPU.Build.0 = Release|Any CPU
		{FFCCF247-4556-42B8-B331-C8B20E657E21}.Debug|Any CPU.ActiveCfg = Debug|Any CPU
		{FFCCF247-4556-42B8-B331-C8B20E657E21}.Debug|Any CPU.Build.0 = Debug|Any CPU
		{FFCCF247-4556-42B8-B331-C8B20E657E21}.Release|Any CPU.ActiveCfg = Release|Any CPU
		{FFCCF247-4556-42B8-B331-C8B20E657E21}.Release|Any CPU.Build.0 = Release|Any CPU
	EndGlobalSection
	GlobalSection(SolutionProperties) = preSolution
		HideSolutionNode = FALSE
	EndGlobalSection
	GlobalSection(ExtensibilityGlobals) = postSolution
		SolutionGuid = {24A11E7D-1910-47FB-AC00-F9E716DF2CFF}
	EndGlobalSection
EndGlobal
